// !$*UTF8*$!
{
	archiveVersion = 1;
	classes = {
	};
	objectVersion = 50;
	objects = {

/* Begin PBXBuildFile section */
		A2229097243F2A3A00A52806 /* ReverseList.m in Sources */ = {isa = PBXBuildFile; fileRef = A2229096243F2A3A00A52806 /* ReverseList.m */; };
		A27C2158243C218B007444F4 /* AppDelegate.m in Sources */ = {isa = PBXBuildFile; fileRef = A27C2157243C218B007444F4 /* AppDelegate.m */; };
		A27C215B243C218B007444F4 /* SceneDelegate.m in Sources */ = {isa = PBXBuildFile; fileRef = A27C215A243C218B007444F4 /* SceneDelegate.m */; };
		A27C215E243C218B007444F4 /* ViewController.m in Sources */ = {isa = PBXBuildFile; fileRef = A27C215D243C218B007444F4 /* ViewController.m */; };
		A27C2161243C218B007444F4 /* Main.storyboard in Resources */ = {isa = PBXBuildFile; fileRef = A27C215F243C218B007444F4 /* Main.storyboard */; };
		A27C2163243C219D007444F4 /* Assets.xcassets in Resources */ = {isa = PBXBuildFile; fileRef = A27C2162243C219D007444F4 /* Assets.xcassets */; };
		A27C2166243C219D007444F4 /* LaunchScreen.storyboard in Resources */ = {isa = PBXBuildFile; fileRef = A27C2164243C219D007444F4 /* LaunchScreen.storyboard */; };
		A27C2169243C219D007444F4 /* main.m in Sources */ = {isa = PBXBuildFile; fileRef = A27C2168243C219D007444F4 /* main.m */; };
		A27C2173243C219D007444F4 /* ___2Tests.m in Sources */ = {isa = PBXBuildFile; fileRef = A27C2172243C219D007444F4 /* ___2Tests.m */; };
		A27C217E243C219D007444F4 /* ___2UITests.m in Sources */ = {isa = PBXBuildFile; fileRef = A27C217D243C219D007444F4 /* ___2UITests.m */; };
		A27C21A8243C245D007444F4 /* LICENSE in Resources */ = {isa = PBXBuildFile; fileRef = A27C218C243C245D007444F4 /* LICENSE */; };
		A27C21A9243C245D007444F4 /* NSLayoutConstraint+MASDebugAdditions.m in Sources */ = {isa = PBXBuildFile; fileRef = A27C218F243C245D007444F4 /* NSLayoutConstraint+MASDebugAdditions.m */; };
		A27C21AA243C245D007444F4 /* ViewController+MASAdditions.m in Sources */ = {isa = PBXBuildFile; fileRef = A27C2198243C245D007444F4 /* ViewController+MASAdditions.m */; };
		A27C21AB243C245D007444F4 /* MASCompositeConstraint.m in Sources */ = {isa = PBXBuildFile; fileRef = A27C219C243C245D007444F4 /* MASCompositeConstraint.m */; };
		A27C21AC243C245D007444F4 /* MASConstraintMaker.m in Sources */ = {isa = PBXBuildFile; fileRef = A27C219D243C245D007444F4 /* MASConstraintMaker.m */; };
		A27C21AD243C245D007444F4 /* MASLayoutConstraint.m in Sources */ = {isa = PBXBuildFile; fileRef = A27C219E243C245D007444F4 /* MASLayoutConstraint.m */; };
		A27C21AE243C245D007444F4 /* NSArray+MASAdditions.m in Sources */ = {isa = PBXBuildFile; fileRef = A27C219F243C245D007444F4 /* NSArray+MASAdditions.m */; };
		A27C21AF243C245D007444F4 /* View+MASAdditions.m in Sources */ = {isa = PBXBuildFile; fileRef = A27C21A0243C245D007444F4 /* View+MASAdditions.m */; };
		A27C21B0243C245D007444F4 /* MASConstraint.m in Sources */ = {isa = PBXBuildFile; fileRef = A27C21A3243C245D007444F4 /* MASConstraint.m */; };
		A27C21B1243C245D007444F4 /* MASViewConstraint.m in Sources */ = {isa = PBXBuildFile; fileRef = A27C21A5243C245D007444F4 /* MASViewConstraint.m */; };
		A27C21B2243C245D007444F4 /* MASViewAttribute.m in Sources */ = {isa = PBXBuildFile; fileRef = A27C21A6243C245D007444F4 /* MASViewAttribute.m */; };
		A27C21B3243C245D007444F4 /* README.md in Resources */ = {isa = PBXBuildFile; fileRef = A27C21A7243C245D007444F4 /* README.md */; };
		A27C21B6243C255B007444F4 /* LayoutsubviewsView.m in Sources */ = {isa = PBXBuildFile; fileRef = A27C21B5243C255B007444F4 /* LayoutsubviewsView.m */; };
		A27C21B9243C2821007444F4 /* LSBaseTableViewController.m in Sources */ = {isa = PBXBuildFile; fileRef = A27C21B8243C2821007444F4 /* LSBaseTableViewController.m */; };
		A27C21BC243C2C1E007444F4 /* NextViewController.m in Sources */ = {isa = PBXBuildFile; fileRef = A27C21BB243C2C1E007444F4 /* NextViewController.m */; };
		A27C21BF243C2CA4007444F4 /* CustomTableViewCell.m in Sources */ = {isa = PBXBuildFile; fileRef = A27C21BE243C2CA4007444F4 /* CustomTableViewCell.m */; };
		A2AED462243DBBB400F9A9BB /* MJPropertyType.m in Sources */ = {isa = PBXBuildFile; fileRef = A2AED44E243DBBB300F9A9BB /* MJPropertyType.m */; };
		A2AED463243DBBB400F9A9BB /* NSObject+MJKeyValue.m in Sources */ = {isa = PBXBuildFile; fileRef = A2AED451243DBBB300F9A9BB /* NSObject+MJKeyValue.m */; };
		A2AED464243DBBB400F9A9BB /* MJProperty.m in Sources */ = {isa = PBXBuildFile; fileRef = A2AED452243DBBB300F9A9BB /* MJProperty.m */; };
		A2AED465243DBBB400F9A9BB /* NSObject+MJCoding.m in Sources */ = {isa = PBXBuildFile; fileRef = A2AED454243DBBB300F9A9BB /* NSObject+MJCoding.m */; };
		A2AED466243DBBB400F9A9BB /* MJExtensionConst.m in Sources */ = {isa = PBXBuildFile; fileRef = A2AED456243DBBB300F9A9BB /* MJExtensionConst.m */; };
		A2AED467243DBBB400F9A9BB /* NSObject+MJProperty.m in Sources */ = {isa = PBXBuildFile; fileRef = A2AED457243DBBB300F9A9BB /* NSObject+MJProperty.m */; };
		A2AED468243DBBB400F9A9BB /* NSObject+MJClass.m in Sources */ = {isa = PBXBuildFile; fileRef = A2AED459243DBBB300F9A9BB /* NSObject+MJClass.m */; };
		A2AED469243DBBB400F9A9BB /* NSString+MJExtension.m in Sources */ = {isa = PBXBuildFile; fileRef = A2AED45A243DBBB300F9A9BB /* NSString+MJExtension.m */; };
		A2AED46A243DBBB400F9A9BB /* MJPropertyKey.m in Sources */ = {isa = PBXBuildFile; fileRef = A2AED45B243DBBB300F9A9BB /* MJPropertyKey.m */; };
		A2AED46B243DBBB400F9A9BB /* MJFoundation.m in Sources */ = {isa = PBXBuildFile; fileRef = A2AED45F243DBBB300F9A9BB /* MJFoundation.m */; };
		C11ECD4224431F92007D0B74 /* TestViewModel.m in Sources */ = {isa = PBXBuildFile; fileRef = C11ECD3F24431F92007D0B74 /* TestViewModel.m */; };
		C11ECD4324431F92007D0B74 /* TestModel.m in Sources */ = {isa = PBXBuildFile; fileRef = C11ECD4024431F92007D0B74 /* TestModel.m */; };
		C11ECD4424431F92007D0B74 /* TestView.m in Sources */ = {isa = PBXBuildFile; fileRef = C11ECD4124431F92007D0B74 /* TestView.m */; };
		C4DE4DA017FC80F324B52C0E /* libPods-0.题2.a in Frameworks */ = {isa = PBXBuildFile; fileRef = 44DC4285B4B5322EFDB6D42E /* libPods-0.题2.a */; };
/* End PBXBuildFile section */

/* Begin PBXContainerItemProxy section */
		A27C216F243C219D007444F4 /* PBXContainerItemProxy */ = {
			isa = PBXContainerItemProxy;
			containerPortal = A27C214B243C218A007444F4 /* Project object */;
			proxyType = 1;
			remoteGlobalIDString = A27C2152243C218A007444F4;
			remoteInfo = "0.题2";
		};
		A27C217A243C219D007444F4 /* PBXContainerItemProxy */ = {
			isa = PBXContainerItemProxy;
			containerPortal = A27C214B243C218A007444F4 /* Project object */;
			proxyType = 1;
			remoteGlobalIDString = A27C2152243C218A007444F4;
			remoteInfo = "0.题2";
		};
/* End PBXContainerItemProxy section */

/* Begin PBXFileReference section */
		215F326DF647E688F827C6A3 /* Pods-0.题2.release.xcconfig */ = {isa = PBXFileReference; includeInIndex = 1; lastKnownFileType = text.xcconfig; name = "Pods-0.题2.release.xcconfig"; path = "Target Support Files/Pods-0.题2/Pods-0.题2.release.xcconfig"; sourceTree = "<group>"; };
		44DC4285B4B5322EFDB6D42E /* libPods-0.题2.a */ = {isa = PBXFileReference; explicitFileType = archive.ar; includeInIndex = 0; path = "libPods-0.题2.a"; sourceTree = BUILT_PRODUCTS_DIR; };
		A2229095243F2A3A00A52806 /* ReverseList.h */ = {isa = PBXFileReference; lastKnownFileType = sourcecode.c.h; path = ReverseList.h; sourceTree = "<group>"; };
		A2229096243F2A3A00A52806 /* ReverseList.m */ = {isa = PBXFileReference; lastKnownFileType = sourcecode.c.objc; path = ReverseList.m; sourceTree = "<group>"; };
		A27C2153243C218A007444F4 /* 0.题2.app */ = {isa = PBXFileReference; explicitFileType = wrapper.application; includeInIndex = 0; path = "0.题2.app"; sourceTree = BUILT_PRODUCTS_DIR; };
		A27C2156243C218B007444F4 /* AppDelegate.h */ = {isa = PBXFileReference; lastKnownFileType = sourcecode.c.h; path = AppDelegate.h; sourceTree = "<group>"; };
		A27C2157243C218B007444F4 /* AppDelegate.m */ = {isa = PBXFileReference; lastKnownFileType = sourcecode.c.objc; path = AppDelegate.m; sourceTree = "<group>"; };
		A27C2159243C218B007444F4 /* SceneDelegate.h */ = {isa = PBXFileReference; lastKnownFileType = sourcecode.c.h; path = SceneDelegate.h; sourceTree = "<group>"; };
		A27C215A243C218B007444F4 /* SceneDelegate.m */ = {isa = PBXFileReference; lastKnownFileType = sourcecode.c.objc; path = SceneDelegate.m; sourceTree = "<group>"; };
		A27C215C243C218B007444F4 /* ViewController.h */ = {isa = PBXFileReference; lastKnownFileType = sourcecode.c.h; path = ViewController.h; sourceTree = "<group>"; };
		A27C215D243C218B007444F4 /* ViewController.m */ = {isa = PBXFileReference; lastKnownFileType = sourcecode.c.objc; path = ViewController.m; sourceTree = "<group>"; };
		A27C2160243C218B007444F4 /* Base */ = {isa = PBXFileReference; lastKnownFileType = file.storyboard; name = Base; path = Base.lproj/Main.storyboard; sourceTree = "<group>"; };
		A27C2162243C219D007444F4 /* Assets.xcassets */ = {isa = PBXFileReference; lastKnownFileType = folder.assetcatalog; path = Assets.xcassets; sourceTree = "<group>"; };
		A27C2165243C219D007444F4 /* Base */ = {isa = PBXFileReference; lastKnownFileType = file.storyboard; name = Base; path = Base.lproj/LaunchScreen.storyboard; sourceTree = "<group>"; };
		A27C2167243C219D007444F4 /* Info.plist */ = {isa = PBXFileReference; lastKnownFileType = text.plist.xml; path = Info.plist; sourceTree = "<group>"; };
		A27C2168243C219D007444F4 /* main.m */ = {isa = PBXFileReference; lastKnownFileType = sourcecode.c.objc; path = main.m; sourceTree = "<group>"; };
		A27C216E243C219D007444F4 /* 0.题2Tests.xctest */ = {isa = PBXFileReference; explicitFileType = wrapper.cfbundle; includeInIndex = 0; path = "0.题2Tests.xctest"; sourceTree = BUILT_PRODUCTS_DIR; };
		A27C2172243C219D007444F4 /* ___2Tests.m */ = {isa = PBXFileReference; lastKnownFileType = sourcecode.c.objc; path = "___2Tests.m"; sourceTree = "<group>"; };
		A27C2174243C219D007444F4 /* Info.plist */ = {isa = PBXFileReference; lastKnownFileType = text.plist.xml; path = Info.plist; sourceTree = "<group>"; };
		A27C2179243C219D007444F4 /* 0.题2UITests.xctest */ = {isa = PBXFileReference; explicitFileType = wrapper.cfbundle; includeInIndex = 0; path = "0.题2UITests.xctest"; sourceTree = BUILT_PRODUCTS_DIR; };
		A27C217D243C219D007444F4 /* ___2UITests.m */ = {isa = PBXFileReference; lastKnownFileType = sourcecode.c.objc; path = "___2UITests.m"; sourceTree = "<group>"; };
		A27C217F243C219D007444F4 /* Info.plist */ = {isa = PBXFileReference; lastKnownFileType = text.plist.xml; path = Info.plist; sourceTree = "<group>"; };
		A27C218C243C245D007444F4 /* LICENSE */ = {isa = PBXFileReference; fileEncoding = 4; lastKnownFileType = text; path = LICENSE; sourceTree = "<group>"; };
		A27C218E243C245D007444F4 /* MASCompositeConstraint.h */ = {isa = PBXFileReference; fileEncoding = 4; lastKnownFileType = sourcecode.c.h; path = MASCompositeConstraint.h; sourceTree = "<group>"; };
		A27C218F243C245D007444F4 /* NSLayoutConstraint+MASDebugAdditions.m */ = {isa = PBXFileReference; fileEncoding = 4; lastKnownFileType = sourcecode.c.objc; path = "NSLayoutConstraint+MASDebugAdditions.m"; sourceTree = "<group>"; };
		A27C2190243C245D007444F4 /* MASConstraint+Private.h */ = {isa = PBXFileReference; fileEncoding = 4; lastKnownFileType = sourcecode.c.h; path = "MASConstraint+Private.h"; sourceTree = "<group>"; };
		A27C2191243C245D007444F4 /* MASLayoutConstraint.h */ = {isa = PBXFileReference; fileEncoding = 4; lastKnownFileType = sourcecode.c.h; path = MASLayoutConstraint.h; sourceTree = "<group>"; };
		A27C2192243C245D007444F4 /* NSArray+MASShorthandAdditions.h */ = {isa = PBXFileReference; fileEncoding = 4; lastKnownFileType = sourcecode.c.h; path = "NSArray+MASShorthandAdditions.h"; sourceTree = "<group>"; };
		A27C2193243C245D007444F4 /* MASConstraintMaker.h */ = {isa = PBXFileReference; fileEncoding = 4; lastKnownFileType = sourcecode.c.h; path = MASConstraintMaker.h; sourceTree = "<group>"; };
		A27C2194243C245D007444F4 /* View+MASAdditions.h */ = {isa = PBXFileReference; fileEncoding = 4; lastKnownFileType = sourcecode.c.h; path = "View+MASAdditions.h"; sourceTree = "<group>"; };
		A27C2195243C245D007444F4 /* NSArray+MASAdditions.h */ = {isa = PBXFileReference; fileEncoding = 4; lastKnownFileType = sourcecode.c.h; path = "NSArray+MASAdditions.h"; sourceTree = "<group>"; };
		A27C2196243C245D007444F4 /* MASUtilities.h */ = {isa = PBXFileReference; fileEncoding = 4; lastKnownFileType = sourcecode.c.h; path = MASUtilities.h; sourceTree = "<group>"; };
		A27C2197243C245D007444F4 /* MASViewAttribute.h */ = {isa = PBXFileReference; fileEncoding = 4; lastKnownFileType = sourcecode.c.h; path = MASViewAttribute.h; sourceTree = "<group>"; };
		A27C2198243C245D007444F4 /* ViewController+MASAdditions.m */ = {isa = PBXFileReference; fileEncoding = 4; lastKnownFileType = sourcecode.c.objc; path = "ViewController+MASAdditions.m"; sourceTree = "<group>"; };
		A27C2199243C245D007444F4 /* MASViewConstraint.h */ = {isa = PBXFileReference; fileEncoding = 4; lastKnownFileType = sourcecode.c.h; path = MASViewConstraint.h; sourceTree = "<group>"; };
		A27C219A243C245D007444F4 /* MASConstraint.h */ = {isa = PBXFileReference; fileEncoding = 4; lastKnownFileType = sourcecode.c.h; path = MASConstraint.h; sourceTree = "<group>"; };
		A27C219B243C245D007444F4 /* NSLayoutConstraint+MASDebugAdditions.h */ = {isa = PBXFileReference; fileEncoding = 4; lastKnownFileType = sourcecode.c.h; path = "NSLayoutConstraint+MASDebugAdditions.h"; sourceTree = "<group>"; };
		A27C219C243C245D007444F4 /* MASCompositeConstraint.m */ = {isa = PBXFileReference; fileEncoding = 4; lastKnownFileType = sourcecode.c.objc; path = MASCompositeConstraint.m; sourceTree = "<group>"; };
		A27C219D243C245D007444F4 /* MASConstraintMaker.m */ = {isa = PBXFileReference; fileEncoding = 4; lastKnownFileType = sourcecode.c.objc; path = MASConstraintMaker.m; sourceTree = "<group>"; };
		A27C219E243C245D007444F4 /* MASLayoutConstraint.m */ = {isa = PBXFileReference; fileEncoding = 4; lastKnownFileType = sourcecode.c.objc; path = MASLayoutConstraint.m; sourceTree = "<group>"; };
		A27C219F243C245D007444F4 /* NSArray+MASAdditions.m */ = {isa = PBXFileReference; fileEncoding = 4; lastKnownFileType = sourcecode.c.objc; path = "NSArray+MASAdditions.m"; sourceTree = "<group>"; };
		A27C21A0243C245D007444F4 /* View+MASAdditions.m */ = {isa = PBXFileReference; fileEncoding = 4; lastKnownFileType = sourcecode.c.objc; path = "View+MASAdditions.m"; sourceTree = "<group>"; };
		A27C21A1243C245D007444F4 /* View+MASShorthandAdditions.h */ = {isa = PBXFileReference; fileEncoding = 4; lastKnownFileType = sourcecode.c.h; path = "View+MASShorthandAdditions.h"; sourceTree = "<group>"; };
		A27C21A2243C245D007444F4 /* Masonry.h */ = {isa = PBXFileReference; fileEncoding = 4; lastKnownFileType = sourcecode.c.h; path = Masonry.h; sourceTree = "<group>"; };
		A27C21A3243C245D007444F4 /* MASConstraint.m */ = {isa = PBXFileReference; fileEncoding = 4; lastKnownFileType = sourcecode.c.objc; path = MASConstraint.m; sourceTree = "<group>"; };
		A27C21A4243C245D007444F4 /* ViewController+MASAdditions.h */ = {isa = PBXFileReference; fileEncoding = 4; lastKnownFileType = sourcecode.c.h; path = "ViewController+MASAdditions.h"; sourceTree = "<group>"; };
		A27C21A5243C245D007444F4 /* MASViewConstraint.m */ = {isa = PBXFileReference; fileEncoding = 4; lastKnownFileType = sourcecode.c.objc; path = MASViewConstraint.m; sourceTree = "<group>"; };
		A27C21A6243C245D007444F4 /* MASViewAttribute.m */ = {isa = PBXFileReference; fileEncoding = 4; lastKnownFileType = sourcecode.c.objc; path = MASViewAttribute.m; sourceTree = "<group>"; };
		A27C21A7243C245D007444F4 /* README.md */ = {isa = PBXFileReference; fileEncoding = 4; lastKnownFileType = net.daringfireball.markdown; path = README.md; sourceTree = "<group>"; };
		A27C21B4243C255B007444F4 /* LayoutsubviewsView.h */ = {isa = PBXFileReference; lastKnownFileType = sourcecode.c.h; path = LayoutsubviewsView.h; sourceTree = "<group>"; };
		A27C21B5243C255B007444F4 /* LayoutsubviewsView.m */ = {isa = PBXFileReference; lastKnownFileType = sourcecode.c.objc; path = LayoutsubviewsView.m; sourceTree = "<group>"; };
		A27C21B7243C2821007444F4 /* LSBaseTableViewController.h */ = {isa = PBXFileReference; fileEncoding = 4; lastKnownFileType = sourcecode.c.h; path = LSBaseTableViewController.h; sourceTree = "<group>"; };
		A27C21B8243C2821007444F4 /* LSBaseTableViewController.m */ = {isa = PBXFileReference; fileEncoding = 4; lastKnownFileType = sourcecode.c.objc; path = LSBaseTableViewController.m; sourceTree = "<group>"; };
		A27C21BA243C2C1E007444F4 /* NextViewController.h */ = {isa = PBXFileReference; lastKnownFileType = sourcecode.c.h; path = NextViewController.h; sourceTree = "<group>"; };
		A27C21BB243C2C1E007444F4 /* NextViewController.m */ = {isa = PBXFileReference; lastKnownFileType = sourcecode.c.objc; path = NextViewController.m; sourceTree = "<group>"; };
		A27C21BD243C2CA4007444F4 /* CustomTableViewCell.h */ = {isa = PBXFileReference; lastKnownFileType = sourcecode.c.h; path = CustomTableViewCell.h; sourceTree = "<group>"; };
		A27C21BE243C2CA4007444F4 /* CustomTableViewCell.m */ = {isa = PBXFileReference; lastKnownFileType = sourcecode.c.objc; path = CustomTableViewCell.m; sourceTree = "<group>"; };
		A2AED44B243DBBB300F9A9BB /* MJPropertyKey.h */ = {isa = PBXFileReference; fileEncoding = 4; lastKnownFileType = sourcecode.c.h; path = MJPropertyKey.h; sourceTree = "<group>"; };
		A2AED44C243DBBB300F9A9BB /* NSObject+MJClass.h */ = {isa = PBXFileReference; fileEncoding = 4; lastKnownFileType = sourcecode.c.h; path = "NSObject+MJClass.h"; sourceTree = "<group>"; };
		A2AED44D243DBBB300F9A9BB /* NSString+MJExtension.h */ = {isa = PBXFileReference; fileEncoding = 4; lastKnownFileType = sourcecode.c.h; path = "NSString+MJExtension.h"; sourceTree = "<group>"; };
		A2AED44E243DBBB300F9A9BB /* MJPropertyType.m */ = {isa = PBXFileReference; fileEncoding = 4; lastKnownFileType = sourcecode.c.objc; path = MJPropertyType.m; sourceTree = "<group>"; };
		A2AED44F243DBBB300F9A9BB /* NSObject+MJProperty.h */ = {isa = PBXFileReference; fileEncoding = 4; lastKnownFileType = sourcecode.c.h; path = "NSObject+MJProperty.h"; sourceTree = "<group>"; };
		A2AED450243DBBB300F9A9BB /* MJExtensionConst.h */ = {isa = PBXFileReference; fileEncoding = 4; lastKnownFileType = sourcecode.c.h; path = MJExtensionConst.h; sourceTree = "<group>"; };
		A2AED451243DBBB300F9A9BB /* NSObject+MJKeyValue.m */ = {isa = PBXFileReference; fileEncoding = 4; lastKnownFileType = sourcecode.c.objc; path = "NSObject+MJKeyValue.m"; sourceTree = "<group>"; };
		A2AED452243DBBB300F9A9BB /* MJProperty.m */ = {isa = PBXFileReference; fileEncoding = 4; lastKnownFileType = sourcecode.c.objc; path = MJProperty.m; sourceTree = "<group>"; };
		A2AED453243DBBB300F9A9BB /* MJFoundation.h */ = {isa = PBXFileReference; fileEncoding = 4; lastKnownFileType = sourcecode.c.h; path = MJFoundation.h; sourceTree = "<group>"; };
		A2AED454243DBBB300F9A9BB /* NSObject+MJCoding.m */ = {isa = PBXFileReference; fileEncoding = 4; lastKnownFileType = sourcecode.c.objc; path = "NSObject+MJCoding.m"; sourceTree = "<group>"; };
		A2AED455243DBBB300F9A9BB /* MJExtension.h */ = {isa = PBXFileReference; fileEncoding = 4; lastKnownFileType = sourcecode.c.h; path = MJExtension.h; sourceTree = "<group>"; };
		A2AED456243DBBB300F9A9BB /* MJExtensionConst.m */ = {isa = PBXFileReference; fileEncoding = 4; lastKnownFileType = sourcecode.c.objc; path = MJExtensionConst.m; sourceTree = "<group>"; };
		A2AED457243DBBB300F9A9BB /* NSObject+MJProperty.m */ = {isa = PBXFileReference; fileEncoding = 4; lastKnownFileType = sourcecode.c.objc; path = "NSObject+MJProperty.m"; sourceTree = "<group>"; };
		A2AED458243DBBB300F9A9BB /* MJPropertyType.h */ = {isa = PBXFileReference; fileEncoding = 4; lastKnownFileType = sourcecode.c.h; path = MJPropertyType.h; sourceTree = "<group>"; };
		A2AED459243DBBB300F9A9BB /* NSObject+MJClass.m */ = {isa = PBXFileReference; fileEncoding = 4; lastKnownFileType = sourcecode.c.objc; path = "NSObject+MJClass.m"; sourceTree = "<group>"; };
		A2AED45A243DBBB300F9A9BB /* NSString+MJExtension.m */ = {isa = PBXFileReference; fileEncoding = 4; lastKnownFileType = sourcecode.c.objc; path = "NSString+MJExtension.m"; sourceTree = "<group>"; };
		A2AED45B243DBBB300F9A9BB /* MJPropertyKey.m */ = {isa = PBXFileReference; fileEncoding = 4; lastKnownFileType = sourcecode.c.objc; path = MJPropertyKey.m; sourceTree = "<group>"; };
		A2AED45C243DBBB300F9A9BB /* MJProperty.h */ = {isa = PBXFileReference; fileEncoding = 4; lastKnownFileType = sourcecode.c.h; path = MJProperty.h; sourceTree = "<group>"; };
		A2AED45D243DBBB300F9A9BB /* NSObject+MJKeyValue.h */ = {isa = PBXFileReference; fileEncoding = 4; lastKnownFileType = sourcecode.c.h; path = "NSObject+MJKeyValue.h"; sourceTree = "<group>"; };
		A2AED45E243DBBB300F9A9BB /* NSObject+MJCoding.h */ = {isa = PBXFileReference; fileEncoding = 4; lastKnownFileType = sourcecode.c.h; path = "NSObject+MJCoding.h"; sourceTree = "<group>"; };
		A2AED45F243DBBB300F9A9BB /* MJFoundation.m */ = {isa = PBXFileReference; fileEncoding = 4; lastKnownFileType = sourcecode.c.objc; path = MJFoundation.m; sourceTree = "<group>"; };
		C11ECD3C24431F92007D0B74 /* TestViewModel.h */ = {isa = PBXFileReference; fileEncoding = 4; lastKnownFileType = sourcecode.c.h; path = TestViewModel.h; sourceTree = "<group>"; };
		C11ECD3D24431F92007D0B74 /* TestView.h */ = {isa = PBXFileReference; fileEncoding = 4; lastKnownFileType = sourcecode.c.h; path = TestView.h; sourceTree = "<group>"; };
		C11ECD3E24431F92007D0B74 /* TestModel.h */ = {isa = PBXFileReference; fileEncoding = 4; lastKnownFileType = sourcecode.c.h; path = TestModel.h; sourceTree = "<group>"; };
		C11ECD3F24431F92007D0B74 /* TestViewModel.m */ = {isa = PBXFileReference; fileEncoding = 4; lastKnownFileType = sourcecode.c.objc; path = TestViewModel.m; sourceTree = "<group>"; };
		C11ECD4024431F92007D0B74 /* TestModel.m */ = {isa = PBXFileReference; fileEncoding = 4; lastKnownFileType = sourcecode.c.objc; path = TestModel.m; sourceTree = "<group>"; };
		C11ECD4124431F92007D0B74 /* TestView.m */ = {isa = PBXFileReference; fileEncoding = 4; lastKnownFileType = sourcecode.c.objc; path = TestView.m; sourceTree = "<group>"; };
		F491C44A4F824AD2255447ED /* Pods-0.题2.debug.xcconfig */ = {isa = PBXFileReference; includeInIndex = 1; lastKnownFileType = text.xcconfig; name = "Pods-0.题2.debug.xcconfig"; path = "Target Support Files/Pods-0.题2/Pods-0.题2.debug.xcconfig"; sourceTree = "<group>"; };
/* End PBXFileReference section */

/* Begin PBXFrameworksBuildPhase section */
		A27C2150243C218A007444F4 /* Frameworks */ = {
			isa = PBXFrameworksBuildPhase;
			buildActionMask = 2147483647;
			files = (
				C4DE4DA017FC80F324B52C0E /* libPods-0.题2.a in Frameworks */,
			);
			runOnlyForDeploymentPostprocessing = 0;
		};
		A27C216B243C219D007444F4 /* Frameworks */ = {
			isa = PBXFrameworksBuildPhase;
			buildActionMask = 2147483647;
			files = (
			);
			runOnlyForDeploymentPostprocessing = 0;
		};
		A27C2176243C219D007444F4 /* Frameworks */ = {
			isa = PBXFrameworksBuildPhase;
			buildActionMask = 2147483647;
			files = (
			);
			runOnlyForDeploymentPostprocessing = 0;
		};
/* End PBXFrameworksBuildPhase section */

/* Begin PBXGroup section */
		70DC1CDADAEEAAE2EEE6F036 /* Pods */ = {
			isa = PBXGroup;
			children = (
				F491C44A4F824AD2255447ED /* Pods-0.题2.debug.xcconfig */,
				215F326DF647E688F827C6A3 /* Pods-0.题2.release.xcconfig */,
			);
			path = Pods;
			sourceTree = "<group>";
		};
		A27C214A243C218A007444F4 = {
			isa = PBXGroup;
			children = (
				A27C2155243C218B007444F4 /* 0.题2 */,
				A27C2171243C219D007444F4 /* 0.题2Tests */,
				A27C217C243C219D007444F4 /* 0.题2UITests */,
				A27C2154243C218B007444F4 /* Products */,
				70DC1CDADAEEAAE2EEE6F036 /* Pods */,
				A288F88D68922344415CA00D /* Frameworks */,
			);
			sourceTree = "<group>";
		};
		A27C2154243C218B007444F4 /* Products */ = {
			isa = PBXGroup;
			children = (
				A27C2153243C218A007444F4 /* 0.题2.app */,
				A27C216E243C219D007444F4 /* 0.题2Tests.xctest */,
				A27C2179243C219D007444F4 /* 0.题2UITests.xctest */,
			);
			name = Products;
			sourceTree = "<group>";
		};
		A27C2155243C218B007444F4 /* 0.题2 */ = {
			isa = PBXGroup;
			children = (
				A27C21B7243C2821007444F4 /* LSBaseTableViewController.h */,
				A27C21B8243C2821007444F4 /* LSBaseTableViewController.m */,
				A2AED449243DBBB300F9A9BB /* MJExtension */,
				A27C218B243C245D007444F4 /* Masonry */,
				C11ECD3B24431F92007D0B74 /* TestViewModel */,
				A27C2156243C218B007444F4 /* AppDelegate.h */,
				A27C2157243C218B007444F4 /* AppDelegate.m */,
				A27C2159243C218B007444F4 /* SceneDelegate.h */,
				A27C215A243C218B007444F4 /* SceneDelegate.m */,
				A27C215C243C218B007444F4 /* ViewController.h */,
				A27C215D243C218B007444F4 /* ViewController.m */,
				A2229095243F2A3A00A52806 /* ReverseList.h */,
				A2229096243F2A3A00A52806 /* ReverseList.m */,
				A27C21BA243C2C1E007444F4 /* NextViewController.h */,
				A27C21BB243C2C1E007444F4 /* NextViewController.m */,
				A27C21BD243C2CA4007444F4 /* CustomTableViewCell.h */,
				A27C21BE243C2CA4007444F4 /* CustomTableViewCell.m */,
				A27C21B4243C255B007444F4 /* LayoutsubviewsView.h */,
				A27C21B5243C255B007444F4 /* LayoutsubviewsView.m */,
				A27C215F243C218B007444F4 /* Main.storyboard */,
				A27C2162243C219D007444F4 /* Assets.xcassets */,
				A27C2164243C219D007444F4 /* LaunchScreen.storyboard */,
				A27C2167243C219D007444F4 /* Info.plist */,
				A27C2168243C219D007444F4 /* main.m */,
			);
			path = "0.题2";
			sourceTree = "<group>";
		};
		A27C2171243C219D007444F4 /* 0.题2Tests */ = {
			isa = PBXGroup;
			children = (
				A27C2172243C219D007444F4 /* ___2Tests.m */,
				A27C2174243C219D007444F4 /* Info.plist */,
			);
			path = "0.题2Tests";
			sourceTree = "<group>";
		};
		A27C217C243C219D007444F4 /* 0.题2UITests */ = {
			isa = PBXGroup;
			children = (
				A27C217D243C219D007444F4 /* ___2UITests.m */,
				A27C217F243C219D007444F4 /* Info.plist */,
			);
			path = "0.题2UITests";
			sourceTree = "<group>";
		};
		A27C218B243C245D007444F4 /* Masonry */ = {
			isa = PBXGroup;
			children = (
				A27C218C243C245D007444F4 /* LICENSE */,
				A27C218D243C245D007444F4 /* Masonry */,
				A27C21A7243C245D007444F4 /* README.md */,
			);
			path = Masonry;
			sourceTree = "<group>";
		};
		A27C218D243C245D007444F4 /* Masonry */ = {
			isa = PBXGroup;
			children = (
				A27C218E243C245D007444F4 /* MASCompositeConstraint.h */,
				A27C218F243C245D007444F4 /* NSLayoutConstraint+MASDebugAdditions.m */,
				A27C2190243C245D007444F4 /* MASConstraint+Private.h */,
				A27C2191243C245D007444F4 /* MASLayoutConstraint.h */,
				A27C2192243C245D007444F4 /* NSArray+MASShorthandAdditions.h */,
				A27C2193243C245D007444F4 /* MASConstraintMaker.h */,
				A27C2194243C245D007444F4 /* View+MASAdditions.h */,
				A27C2195243C245D007444F4 /* NSArray+MASAdditions.h */,
				A27C2196243C245D007444F4 /* MASUtilities.h */,
				A27C2197243C245D007444F4 /* MASViewAttribute.h */,
				A27C2198243C245D007444F4 /* ViewController+MASAdditions.m */,
				A27C2199243C245D007444F4 /* MASViewConstraint.h */,
				A27C219A243C245D007444F4 /* MASConstraint.h */,
				A27C219B243C245D007444F4 /* NSLayoutConstraint+MASDebugAdditions.h */,
				A27C219C243C245D007444F4 /* MASCompositeConstraint.m */,
				A27C219D243C245D007444F4 /* MASConstraintMaker.m */,
				A27C219E243C245D007444F4 /* MASLayoutConstraint.m */,
				A27C219F243C245D007444F4 /* NSArray+MASAdditions.m */,
				A27C21A0243C245D007444F4 /* View+MASAdditions.m */,
				A27C21A1243C245D007444F4 /* View+MASShorthandAdditions.h */,
				A27C21A2243C245D007444F4 /* Masonry.h */,
				A27C21A3243C245D007444F4 /* MASConstraint.m */,
				A27C21A4243C245D007444F4 /* ViewController+MASAdditions.h */,
				A27C21A5243C245D007444F4 /* MASViewConstraint.m */,
				A27C21A6243C245D007444F4 /* MASViewAttribute.m */,
			);
			path = Masonry;
			sourceTree = "<group>";
		};
		A288F88D68922344415CA00D /* Frameworks */ = {
			isa = PBXGroup;
			children = (
				44DC4285B4B5322EFDB6D42E /* libPods-0.题2.a */,
			);
			name = Frameworks;
			sourceTree = "<group>";
		};
		A2AED449243DBBB300F9A9BB /* MJExtension */ = {
			isa = PBXGroup;
			children = (
				A2AED44A243DBBB300F9A9BB /* MJExtension */,
			);
			path = MJExtension;
			sourceTree = "<group>";
		};
		A2AED44A243DBBB300F9A9BB /* MJExtension */ = {
			isa = PBXGroup;
			children = (
				A2AED44B243DBBB300F9A9BB /* MJPropertyKey.h */,
				A2AED44C243DBBB300F9A9BB /* NSObject+MJClass.h */,
				A2AED44D243DBBB300F9A9BB /* NSString+MJExtension.h */,
				A2AED44E243DBBB300F9A9BB /* MJPropertyType.m */,
				A2AED44F243DBBB300F9A9BB /* NSObject+MJProperty.h */,
				A2AED450243DBBB300F9A9BB /* MJExtensionConst.h */,
				A2AED451243DBBB300F9A9BB /* NSObject+MJKeyValue.m */,
				A2AED452243DBBB300F9A9BB /* MJProperty.m */,
				A2AED453243DBBB300F9A9BB /* MJFoundation.h */,
				A2AED454243DBBB300F9A9BB /* NSObject+MJCoding.m */,
				A2AED455243DBBB300F9A9BB /* MJExtension.h */,
				A2AED456243DBBB300F9A9BB /* MJExtensionConst.m */,
				A2AED457243DBBB300F9A9BB /* NSObject+MJProperty.m */,
				A2AED458243DBBB300F9A9BB /* MJPropertyType.h */,
				A2AED459243DBBB300F9A9BB /* NSObject+MJClass.m */,
				A2AED45A243DBBB300F9A9BB /* NSString+MJExtension.m */,
				A2AED45B243DBBB300F9A9BB /* MJPropertyKey.m */,
				A2AED45C243DBBB300F9A9BB /* MJProperty.h */,
				A2AED45D243DBBB300F9A9BB /* NSObject+MJKeyValue.h */,
				A2AED45E243DBBB300F9A9BB /* NSObject+MJCoding.h */,
				A2AED45F243DBBB300F9A9BB /* MJFoundation.m */,
			);
			path = MJExtension;
			sourceTree = "<group>";
		};
		C11ECD3B24431F92007D0B74 /* TestViewModel */ = {
			isa = PBXGroup;
			children = (
				C11ECD3E24431F92007D0B74 /* TestModel.h */,
				C11ECD4024431F92007D0B74 /* TestModel.m */,
				C11ECD3D24431F92007D0B74 /* TestView.h */,
				C11ECD4124431F92007D0B74 /* TestView.m */,
				C11ECD3C24431F92007D0B74 /* TestViewModel.h */,
				C11ECD3F24431F92007D0B74 /* TestViewModel.m */,
			);
			path = TestViewModel;
			sourceTree = "<group>";
		};
/* End PBXGroup section */

/* Begin PBXNativeTarget section */
		A27C2152243C218A007444F4 /* 0.题2 */ = {
			isa = PBXNativeTarget;
			buildConfigurationList = A27C2182243C219D007444F4 /* Build configuration list for PBXNativeTarget "0.题2" */;
			buildPhases = (
				4107A8A02BD73AA9CB3C0324 /* [CP] Check Pods Manifest.lock */,
				A27C214F243C218A007444F4 /* Sources */,
				A27C2150243C218A007444F4 /* Frameworks */,
				A27C2151243C218A007444F4 /* Resources */,
			);
			buildRules = (
			);
			dependencies = (
			);
			name = "0.题2";
			productName = "0.题2";
			productReference = A27C2153243C218A007444F4 /* 0.题2.app */;
			productType = "com.apple.product-type.application";
		};
		A27C216D243C219D007444F4 /* 0.题2Tests */ = {
			isa = PBXNativeTarget;
			buildConfigurationList = A27C2185243C219D007444F4 /* Build configuration list for PBXNativeTarget "0.题2Tests" */;
			buildPhases = (
				A27C216A243C219D007444F4 /* Sources */,
				A27C216B243C219D007444F4 /* Frameworks */,
				A27C216C243C219D007444F4 /* Resources */,
			);
			buildRules = (
			);
			dependencies = (
				A27C2170243C219D007444F4 /* PBXTargetDependency */,
			);
			name = "0.题2Tests";
			productName = "0.题2Tests";
			productReference = A27C216E243C219D007444F4 /* 0.题2Tests.xctest */;
			productType = "com.apple.product-type.bundle.unit-test";
		};
		A27C2178243C219D007444F4 /* 0.题2UITests */ = {
			isa = PBXNativeTarget;
			buildConfigurationList = A27C2188243C219D007444F4 /* Build configuration list for PBXNativeTarget "0.题2UITests" */;
			buildPhases = (
				A27C2175243C219D007444F4 /* Sources */,
				A27C2176243C219D007444F4 /* Frameworks */,
				A27C2177243C219D007444F4 /* Resources */,
			);
			buildRules = (
			);
			dependencies = (
				A27C217B243C219D007444F4 /* PBXTargetDependency */,
			);
			name = "0.题2UITests";
			productName = "0.题2UITests";
			productReference = A27C2179243C219D007444F4 /* 0.题2UITests.xctest */;
			productType = "com.apple.product-type.bundle.ui-testing";
		};
/* End PBXNativeTarget section */

/* Begin PBXProject section */
		A27C214B243C218A007444F4 /* Project object */ = {
			isa = PBXProject;
			attributes = {
				LastUpgradeCheck = 1120;
				ORGANIZATIONNAME = LS;
				TargetAttributes = {
					A27C2152243C218A007444F4 = {
						CreatedOnToolsVersion = 11.2.1;
					};
					A27C216D243C219D007444F4 = {
						CreatedOnToolsVersion = 11.2.1;
						TestTargetID = A27C2152243C218A007444F4;
					};
					A27C2178243C219D007444F4 = {
						CreatedOnToolsVersion = 11.2.1;
						TestTargetID = A27C2152243C218A007444F4;
					};
				};
			};
			buildConfigurationList = A27C214E243C218A007444F4 /* Build configuration list for PBXProject "0.题2" */;
			compatibilityVersion = "Xcode 9.3";
			developmentRegion = en;
			hasScannedForEncodings = 0;
			knownRegions = (
				en,
				Base,
			);
			mainGroup = A27C214A243C218A007444F4;
			productRefGroup = A27C2154243C218B007444F4 /* Products */;
			projectDirPath = "";
			projectRoot = "";
			targets = (
				A27C2152243C218A007444F4 /* 0.题2 */,
				A27C216D243C219D007444F4 /* 0.题2Tests */,
				A27C2178243C219D007444F4 /* 0.题2UITests */,
			);
		};
/* End PBXProject section */

/* Begin PBXResourcesBuildPhase section */
		A27C2151243C218A007444F4 /* Resources */ = {
			isa = PBXResourcesBuildPhase;
			buildActionMask = 2147483647;
			files = (
				A27C2166243C219D007444F4 /* LaunchScreen.storyboard in Resources */,
				A27C2163243C219D007444F4 /* Assets.xcassets in Resources */,
				A27C21B3243C245D007444F4 /* README.md in Resources */,
				A27C21A8243C245D007444F4 /* LICENSE in Resources */,
				A27C2161243C218B007444F4 /* Main.storyboard in Resources */,
			);
			runOnlyForDeploymentPostprocessing = 0;
		};
		A27C216C243C219D007444F4 /* Resources */ = {
			isa = PBXResourcesBuildPhase;
			buildActionMask = 2147483647;
			files = (
			);
			runOnlyForDeploymentPostprocessing = 0;
		};
		A27C2177243C219D007444F4 /* Resources */ = {
			isa = PBXResourcesBuildPhase;
			buildActionMask = 2147483647;
			files = (
			);
			runOnlyForDeploymentPostprocessing = 0;
		};
/* End PBXResourcesBuildPhase section */

/* Begin PBXShellScriptBuildPhase section */
		4107A8A02BD73AA9CB3C0324 /* [CP] Check Pods Manifest.lock */ = {
			isa = PBXShellScriptBuildPhase;
			buildActionMask = 2147483647;
			files = (
			);
			inputFileListPaths = (
			);
			inputPaths = (
				"${PODS_PODFILE_DIR_PATH}/Podfile.lock",
				"${PODS_ROOT}/Manifest.lock",
			);
			name = "[CP] Check Pods Manifest.lock";
			outputFileListPaths = (
			);
			outputPaths = (
				"$(DERIVED_FILE_DIR)/Pods-0.题2-checkManifestLockResult.txt",
			);
			runOnlyForDeploymentPostprocessing = 0;
			shellPath = /bin/sh;
			shellScript = "diff \"${PODS_PODFILE_DIR_PATH}/Podfile.lock\" \"${PODS_ROOT}/Manifest.lock\" > /dev/null\nif [ $? != 0 ] ; then\n    # print error to STDERR\n    echo \"error: The sandbox is not in sync with the Podfile.lock. Run 'pod install' or update your CocoaPods installation.\" >&2\n    exit 1\nfi\n# This output is used by Xcode 'outputs' to avoid re-running this script phase.\necho \"SUCCESS\" > \"${SCRIPT_OUTPUT_FILE_0}\"\n";
			showEnvVarsInLog = 0;
		};
/* End PBXShellScriptBuildPhase section */

/* Begin PBXSourcesBuildPhase section */
		A27C214F243C218A007444F4 /* Sources */ = {
			isa = PBXSourcesBuildPhase;
			buildActionMask = 2147483647;
			files = (
				A27C21B1243C245D007444F4 /* MASViewConstraint.m in Sources */,
				A27C21B2243C245D007444F4 /* MASViewAttribute.m in Sources */,
				A27C215E243C218B007444F4 /* ViewController.m in Sources */,
				A27C2158243C218B007444F4 /* AppDelegate.m in Sources */,
				A2AED46A243DBBB400F9A9BB /* MJPropertyKey.m in Sources */,
				A27C21B6243C255B007444F4 /* LayoutsubviewsView.m in Sources */,
				C11ECD4424431F92007D0B74 /* TestView.m in Sources */,
				A27C21AE243C245D007444F4 /* NSArray+MASAdditions.m in Sources */,
				C11ECD4224431F92007D0B74 /* TestViewModel.m in Sources */,
				A2AED469243DBBB400F9A9BB /* NSString+MJExtension.m in Sources */,
				A2AED465243DBBB400F9A9BB /* NSObject+MJCoding.m in Sources */,
				A2AED467243DBBB400F9A9BB /* NSObject+MJProperty.m in Sources */,
				C11ECD4324431F92007D0B74 /* TestModel.m in Sources */,
				A27C21AA243C245D007444F4 /* ViewController+MASAdditions.m in Sources */,
				A27C21B9243C2821007444F4 /* LSBaseTableViewController.m in Sources */,
				A2AED463243DBBB400F9A9BB /* NSObject+MJKeyValue.m in Sources */,
				A27C21AB243C245D007444F4 /* MASCompositeConstraint.m in Sources */,
				A27C2169243C219D007444F4 /* main.m in Sources */,
				A2AED46B243DBBB400F9A9BB /* MJFoundation.m in Sources */,
				A27C21AF243C245D007444F4 /* View+MASAdditions.m in Sources */,
				A27C21BC243C2C1E007444F4 /* NextViewController.m in Sources */,
				A2AED462243DBBB400F9A9BB /* MJPropertyType.m in Sources */,
				A27C21AC243C245D007444F4 /* MASConstraintMaker.m in Sources */,
				A27C21B0243C245D007444F4 /* MASConstraint.m in Sources */,
				A2AED466243DBBB400F9A9BB /* MJExtensionConst.m in Sources */,
				A2AED464243DBBB400F9A9BB /* MJProperty.m in Sources */,
				A27C21BF243C2CA4007444F4 /* CustomTableViewCell.m in Sources */,
				A27C21A9243C245D007444F4 /* NSLayoutConstraint+MASDebugAdditions.m in Sources */,
				A27C21AD243C245D007444F4 /* MASLayoutConstraint.m in Sources */,
				A2AED468243DBBB400F9A9BB /* NSObject+MJClass.m in Sources */,
				A2229097243F2A3A00A52806 /* ReverseList.m in Sources */,
				A27C215B243C218B007444F4 /* SceneDelegate.m in Sources */,
			);
			runOnlyForDeploymentPostprocessing = 0;
		};
		A27C216A243C219D007444F4 /* Sources */ = {
			isa = PBXSourcesBuildPhase;
			buildActionMask = 2147483647;
			files = (
				A27C2173243C219D007444F4 /* ___2Tests.m in Sources */,
			);
			runOnlyForDeploymentPostprocessing = 0;
		};
		A27C2175243C219D007444F4 /* Sources */ = {
			isa = PBXSourcesBuildPhase;
			buildActionMask = 2147483647;
			files = (
				A27C217E243C219D007444F4 /* ___2UITests.m in Sources */,
			);
			runOnlyForDeploymentPostprocessing = 0;
		};
/* End PBXSourcesBuildPhase section */

/* Begin PBXTargetDependency section */
		A27C2170243C219D007444F4 /* PBXTargetDependency */ = {
			isa = PBXTargetDependency;
			target = A27C2152243C218A007444F4 /* 0.题2 */;
			targetProxy = A27C216F243C219D007444F4 /* PBXContainerItemProxy */;
		};
		A27C217B243C219D007444F4 /* PBXTargetDependency */ = {
			isa = PBXTargetDependency;
			target = A27C2152243C218A007444F4 /* 0.题2 */;
			targetProxy = A27C217A243C219D007444F4 /* PBXContainerItemProxy */;
		};
/* End PBXTargetDependency section */

/* Begin PBXVariantGroup section */
		A27C215F243C218B007444F4 /* Main.storyboard */ = {
			isa = PBXVariantGroup;
			children = (
				A27C2160243C218B007444F4 /* Base */,
			);
			name = Main.storyboard;
			sourceTree = "<group>";
		};
		A27C2164243C219D007444F4 /* LaunchScreen.storyboard */ = {
			isa = PBXVariantGroup;
			children = (
				A27C2165243C219D007444F4 /* Base */,
			);
			name = LaunchScreen.storyboard;
			sourceTree = "<group>";
		};
/* End PBXVariantGroup section */

/* Begin XCBuildConfiguration section */
		A27C2180243C219D007444F4 /* Debug */ = {
			isa = XCBuildConfiguration;
			buildSettings = {
				ALWAYS_SEARCH_USER_PATHS = NO;
				CLANG_ANALYZER_NONNULL = YES;
				CLANG_ANALYZER_NUMBER_OBJECT_CONVERSION = YES_AGGRESSIVE;
				CLANG_CXX_LANGUAGE_STANDARD = "gnu++14";
				CLANG_CXX_LIBRARY = "libc++";
				CLANG_ENABLE_MODULES = YES;
				CLANG_ENABLE_OBJC_ARC = YES;
				CLANG_ENABLE_OBJC_WEAK = YES;
				CLANG_WARN_BLOCK_CAPTURE_AUTORELEASING = YES;
				CLANG_WARN_BOOL_CONVERSION = YES;
				CLANG_WARN_COMMA = YES;
				CLANG_WARN_CONSTANT_CONVERSION = YES;
				CLANG_WARN_DEPRECATED_OBJC_IMPLEMENTATIONS = YES;
				CLANG_WARN_DIRECT_OBJC_ISA_USAGE = YES_ERROR;
				CLANG_WARN_DOCUMENTATION_COMMENTS = YES;
				CLANG_WARN_EMPTY_BODY = YES;
				CLANG_WARN_ENUM_CONVERSION = YES;
				CLANG_WARN_INFINITE_RECURSION = YES;
				CLANG_WARN_INT_CONVERSION = YES;
				CLANG_WARN_NON_LITERAL_NULL_CONVERSION = YES;
				CLANG_WARN_OBJC_IMPLICIT_RETAIN_SELF = YES;
				CLANG_WARN_OBJC_LITERAL_CONVERSION = YES;
				CLANG_WARN_OBJC_ROOT_CLASS = YES_ERROR;
				CLANG_WARN_RANGE_LOOP_ANALYSIS = YES;
				CLANG_WARN_STRICT_PROTOTYPES = YES;
				CLANG_WARN_SUSPICIOUS_MOVE = YES;
				CLANG_WARN_UNGUARDED_AVAILABILITY = YES_AGGRESSIVE;
				CLANG_WARN_UNREACHABLE_CODE = YES;
				CLANG_WARN__DUPLICATE_METHOD_MATCH = YES;
				COPY_PHASE_STRIP = NO;
				DEBUG_INFORMATION_FORMAT = dwarf;
				ENABLE_STRICT_OBJC_MSGSEND = YES;
				ENABLE_TESTABILITY = YES;
				GCC_C_LANGUAGE_STANDARD = gnu11;
				GCC_DYNAMIC_NO_PIC = NO;
				GCC_NO_COMMON_BLOCKS = YES;
				GCC_OPTIMIZATION_LEVEL = 0;
				GCC_PREPROCESSOR_DEFINITIONS = (
					"DEBUG=1",
					"$(inherited)",
				);
				GCC_WARN_64_TO_32_BIT_CONVERSION = YES;
				GCC_WARN_ABOUT_RETURN_TYPE = YES_ERROR;
				GCC_WARN_UNDECLARED_SELECTOR = YES;
				GCC_WARN_UNINITIALIZED_AUTOS = YES_AGGRESSIVE;
				GCC_WARN_UNUSED_FUNCTION = YES;
				GCC_WARN_UNUSED_VARIABLE = YES;
				IPHONEOS_DEPLOYMENT_TARGET = 13.2;
				MTL_ENABLE_DEBUG_INFO = INCLUDE_SOURCE;
				MTL_FAST_MATH = YES;
				ONLY_ACTIVE_ARCH = YES;
				SDKROOT = iphoneos;
			};
			name = Debug;
		};
		A27C2181243C219D007444F4 /* Release */ = {
			isa = XCBuildConfiguration;
			buildSettings = {
				ALWAYS_SEARCH_USER_PATHS = NO;
				CLANG_ANALYZER_NONNULL = YES;
				CLANG_ANALYZER_NUMBER_OBJECT_CONVERSION = YES_AGGRESSIVE;
				CLANG_CXX_LANGUAGE_STANDARD = "gnu++14";
				CLANG_CXX_LIBRARY = "libc++";
				CLANG_ENABLE_MODULES = YES;
				CLANG_ENABLE_OBJC_ARC = YES;
				CLANG_ENABLE_OBJC_WEAK = YES;
				CLANG_WARN_BLOCK_CAPTURE_AUTORELEASING = YES;
				CLANG_WARN_BOOL_CONVERSION = YES;
				CLANG_WARN_COMMA = YES;
				CLANG_WARN_CONSTANT_CONVERSION = YES;
				CLANG_WARN_DEPRECATED_OBJC_IMPLEMENTATIONS = YES;
				CLANG_WARN_DIRECT_OBJC_ISA_USAGE = YES_ERROR;
				CLANG_WARN_DOCUMENTATION_COMMENTS = YES;
				CLANG_WARN_EMPTY_BODY = YES;
				CLANG_WARN_ENUM_CONVERSION = YES;
				CLANG_WARN_INFINITE_RECURSION = YES;
				CLANG_WARN_INT_CONVERSION = YES;
				CLANG_WARN_NON_LITERAL_NULL_CONVERSION = YES;
				CLANG_WARN_OBJC_IMPLICIT_RETAIN_SELF = YES;
				CLANG_WARN_OBJC_LITERAL_CONVERSION = YES;
				CLANG_WARN_OBJC_ROOT_CLASS = YES_ERROR;
				CLANG_WARN_RANGE_LOOP_ANALYSIS = YES;
				CLANG_WARN_STRICT_PROTOTYPES = YES;
				CLANG_WARN_SUSPICIOUS_MOVE = YES;
				CLANG_WARN_UNGUARDED_AVAILABILITY = YES_AGGRESSIVE;
				CLANG_WARN_UNREACHABLE_CODE = YES;
				CLANG_WARN__DUPLICATE_METHOD_MATCH = YES;
				COPY_PHASE_STRIP = NO;
				DEBUG_INFORMATION_FORMAT = "dwarf-with-dsym";
				ENABLE_NS_ASSERTIONS = NO;
				ENABLE_STRICT_OBJC_MSGSEND = YES;
				GCC_C_LANGUAGE_STANDARD = gnu11;
				GCC_NO_COMMON_BLOCKS = YES;
				GCC_WARN_64_TO_32_BIT_CONVERSION = YES;
				GCC_WARN_ABOUT_RETURN_TYPE = YES_ERROR;
				GCC_WARN_UNDECLARED_SELECTOR = YES;
				GCC_WARN_UNINITIALIZED_AUTOS = YES_AGGRESSIVE;
				GCC_WARN_UNUSED_FUNCTION = YES;
				GCC_WARN_UNUSED_VARIABLE = YES;
				IPHONEOS_DEPLOYMENT_TARGET = 13.2;
				MTL_ENABLE_DEBUG_INFO = NO;
				MTL_FAST_MATH = YES;
				SDKROOT = iphoneos;
				VALIDATE_PRODUCT = YES;
			};
			name = Release;
		};
		A27C2183243C219D007444F4 /* Debug */ = {
			isa = XCBuildConfiguration;
			baseConfigurationReference = F491C44A4F824AD2255447ED /* Pods-0.题2.debug.xcconfig */;
			buildSettings = {
				ASSETCATALOG_COMPILER_APPICON_NAME = AppIcon;
				CODE_SIGN_STYLE = Automatic;
				DEVELOPMENT_TEAM = K8ETH5Y5NB;
				INFOPLIST_FILE = "0.题2/Info.plist";
				LD_RUNPATH_SEARCH_PATHS = (
					"$(inherited)",
					"@executable_path/Frameworks",
				);
				PRODUCT_BUNDLE_IDENTIFIER = "LS.---2";
				PRODUCT_NAME = "$(TARGET_NAME)";
				TARGETED_DEVICE_FAMILY = "1,2";
			};
			name = Debug;
		};
		A27C2184243C219D007444F4 /* Release */ = {
			isa = XCBuildConfiguration;
			baseConfigurationReference = 215F326DF647E688F827C6A3 /* Pods-0.题2.release.xcconfig */;
			buildSettings = {
				ASSETCATALOG_COMPILER_APPICON_NAME = AppIcon;
				CODE_SIGN_STYLE = Automatic;
				DEVELOPMENT_TEAM = K8ETH5Y5NB;
				INFOPLIST_FILE = "0.题2/Info.plist";
				LD_RUNPATH_SEARCH_PATHS = (
					"$(inherited)",
					"@executable_path/Frameworks",
				);
				PRODUCT_BUNDLE_IDENTIFIER = "LS.---2";
				PRODUCT_NAME = "$(TARGET_NAME)";
				TARGETED_DEVICE_FAMILY = "1,2";
			};
			name = Release;
		};
		A27C2186243C219D007444F4 /* Debug */ = {
			isa = XCBuildConfiguration;
			buildSettings = {
				BUNDLE_LOADER = "$(TEST_HOST)";
				CODE_SIGN_STYLE = Automatic;
				DEVELOPMENT_TEAM = K8ETH5Y5NB;
				INFOPLIST_FILE = "0.题2Tests/Info.plist";
				IPHONEOS_DEPLOYMENT_TARGET = 13.2;
				LD_RUNPATH_SEARCH_PATHS = (
					"$(inherited)",
					"@executable_path/Frameworks",
					"@loader_path/Frameworks",
				);
				PRODUCT_BUNDLE_IDENTIFIER = "LS.---2Tests";
				PRODUCT_NAME = "$(TARGET_NAME)";
				TARGETED_DEVICE_FAMILY = "1,2";
				TEST_HOST = "$(BUILT_PRODUCTS_DIR)/0.题2.app/0.题2";
			};
			name = Debug;
		};
		A27C2187243C219D007444F4 /* Release */ = {
			isa = XCBuildConfiguration;
			buildSettings = {
				BUNDLE_LOADER = "$(TEST_HOST)";
				CODE_SIGN_STYLE = Automatic;
				DEVELOPMENT_TEAM = K8ETH5Y5NB;
				INFOPLIST_FILE = "0.题2Tests/Info.plist";
				IPHONEOS_DEPLOYMENT_TARGET = 13.2;
				LD_RUNPATH_SEARCH_PATHS = (
					"$(inherited)",
					"@executable_path/Frameworks",
					"@loader_path/Frameworks",
				);
				PRODUCT_BUNDLE_IDENTIFIER = "LS.---2Tests";
				PRODUCT_NAME = "$(TARGET_NAME)";
				TARGETED_DEVICE_FAMILY = "1,2";
				TEST_HOST = "$(BUILT_PRODUCTS_DIR)/0.题2.app/0.题2";
			};
			name = Release;
		};
		A27C2189243C219D007444F4 /* Debug */ = {
			isa = XCBuildConfiguration;
			buildSettings = {
				CODE_SIGN_STYLE = Automatic;
				DEVELOPMENT_TEAM = K8ETH5Y5NB;
				INFOPLIST_FILE = "0.题2UITests/Info.plist";
				LD_RUNPATH_SEARCH_PATHS = (
					"$(inherited)",
					"@executable_path/Frameworks",
					"@loader_path/Frameworks",
				);
				PRODUCT_BUNDLE_IDENTIFIER = "LS.---2UITests";
				PRODUCT_NAME = "$(TARGET_NAME)";
				TARGETED_DEVICE_FAMILY = "1,2";
				TEST_TARGET_NAME = "0.题2";
			};
			name = Debug;
		};
		A27C218A243C219D007444F4 /* Release */ = {
			isa = XCBuildConfiguration;
			buildSettings = {
				CODE_SIGN_STYLE = Automatic;
				DEVELOPMENT_TEAM = K8ETH5Y5NB;
				INFOPLIST_FILE = "0.题2UITests/Info.plist";
				LD_RUNPATH_SEARCH_PATHS = (
					"$(inherited)",
					"@executable_path/Frameworks",
					"@loader_path/Frameworks",
				);
				PRODUCT_BUNDLE_IDENTIFIER = "LS.---2UITests";
				PRODUCT_NAME = "$(TARGET_NAME)";
				TARGETED_DEVICE_FAMILY = "1,2";
				TEST_TARGET_NAME = "0.题2";
			};
			name = Release;
		};
/* End XCBuildConfiguration section */

/* Begin XCConfigurationList section */
		A27C214E243C218A007444F4 /* Build configuration list for PBXProject "0.题2" */ = {
			isa = XCConfigurationList;
			buildConfigurations = (
				A27C2180243C219D007444F4 /* Debug */,
				A27C2181243C219D007444F4 /* Release */,
			);
			defaultConfigurationIsVisible = 0;
			defaultConfigurationName = Release;
		};
		A27C2182243C219D007444F4 /* Build configuration list for PBXNativeTarget "0.题2" */ = {
			isa = XCConfigurationList;
			buildConfigurations = (
				A27C2183243C219D007444F4 /* Debug */,
				A27C2184243C219D007444F4 /* Release */,
			);
			defaultConfigurationIsVisible = 0;
			defaultConfigurationName = Release;
		};
		A27C2185243C219D007444F4 /* Build configuration list for PBXNativeTarget "0.题2Tests" */ = {
			isa = XCConfigurationList;
			buildConfigurations = (
				A27C2186243C219D007444F4 /* Debug */,
				A27C2187243C219D007444F4 /* Release */,
			);
			defaultConfigurationIsVisible = 0;
			defaultConfigurationName = Release;
		};
		A27C2188243C219D007444F4 /* Build configuration list for PBXNativeTarget "0.题2UITests" */ = {
			isa = XCConfigurationList;
			buildConfigurations = (
				A27C2189243C219D007444F4 /* Debug */,
				A27C218A243C219D007444F4 /* Release */,
			);
			defaultConfigurationIsVisible = 0;
			defaultConfigurationName = Release;
		};
/* End XCConfigurationList section */
	};
	rootObject = A27C214B243C218A007444F4 /* Project object */;
}
